{
  "nodes": {
    "nixpkgs": {
      "locked": {
        "lastModified": 1711927496,
        "narHash": "sha256-DRHVQ2Z1Yj0X4gHzo9F6PJdAjBYKOHd3J2dlWj1xEz4=",
        "owner": "NixOS",
        "repo": "nixpkgs",
        "rev": "dbe5775901382086375f0a94cb43fdf4a36ed48c",
        "type": "github"
      },
      "original": {
        "owner": "NixOS",
        "repo": "nixpkgs",
        "type": "github"
      }
    },
    "release": {
      "flake": false,
      "locked": {
        "narHash": "sha256-EeiNOncJkg8mAPaiYz47gPBu1RCqrniJv27ZqMOAUQE=",
        "type": "file",
        "url": "https://github.com/ssddq/editor-release/releases/download/binary/editor"
      },
      "original": {
        "type": "file",
        "url": "https://github.com/ssddq/editor-release/releases/download/binary/editor"
      }
    },
    "root": {
      "inputs": {
        "nixpkgs": "nixpkgs",
        "release": "release"
      }
    }
  },
  "root": "root",
  "version": 7
}
